
Microsoft Visual Studio Solution File, Format Version 12.00
# Visual Studio Version 17
VisualStudioVersion = 17.9.34728.123
MinimumVisualStudioVersion = 10.0.40219.1
Project("{FAE04EC0-301F-11D3-BF4B-00C04F79EFBC}") = "ContenedoresApp", "ContenedoresApp\ContenedoresApp.csproj", "{DBE8E25A-0589-44C6-A0A7-AC69E9011090}"
EndProject
Global
	GlobalSection(SolutionConfigurationPlatforms) = preSolution
		Debug|Any CPU = Debug|Any CPU
		Release|Any CPU = Release|Any CPU
	EndGlobalSection
	GlobalSection(ProjectConfigurationPlatforms) = postSolution
		{DBE8E25A-0589-44C6-A0A7-AC69E9011090}.Debug|Any CPU.ActiveCfg = Debug|Any CPU
		{DBE8E25A-0589-44C6-A0A7-AC69E9011090}.Debug|Any CPU.Build.0 = Debug|Any CPU
		{DBE8E25A-0589-44C6-A0A7-AC69E9011090}.Release|Any CPU.ActiveCfg = Release|Any CPU
		{DBE8E25A-0589-44C6-A0A7-AC69E9011090}.Release|Any CPU.Build.0 = Release|Any CPU
	EndGlobalSection
	GlobalSection(SolutionProperties) = preSolution
		HideSolutionNode = FALSE
	EndGlobalSection
	GlobalSection(ExtensibilityGlobals) = postSolution
		SolutionGuid = {A645DBEF-1559-4821-BC2D-F81EDAFCC78D}
	EndGlobalSection
EndGlobal
